
Microsoft Visual Studio Solution File, Format Version 12.00
# Visual Studio Version 17
VisualStudioVersion = 17.0.31919.166
MinimumVisualStudioVersion = 10.0.40219.1
Project("{FAE04EC0-301F-11D3-BF4B-00C04F79EFBC}") = "BulkyBookWeb", "BulkyBookWeb\BulkyBookWeb.csproj", "{B9EBDE64-3D4B-4948-BC81-5F6D3CDD0F7C}"
EndProject
Global
	GlobalSection(SolutionConfigurationPlatforms) = preSolution
		Debug|Any CPU = Debug|Any CPU
		Release|Any CPU = Release|Any CPU
	EndGlobalSection
	GlobalSection(ProjectConfigurationPlatforms) = postSolution
		{B9EBDE64-3D4B-4948-BC81-5F6D3CDD0F7C}.Debug|Any CPU.ActiveCfg = Debug|Any CPU
		{B9EBDE64-3D4B-4948-BC81-5F6D3CDD0F7C}.Debug|Any CPU.Build.0 = Debug|Any CPU
		{B9EBDE64-3D4B-4948-BC81-5F6D3CDD0F7C}.Release|Any CPU.ActiveCfg = Release|Any CPU
		{B9EBDE64-3D4B-4948-BC81-5F6D3CDD0F7C}.Release|Any CPU.Build.0 = Release|Any CPU
	EndGlobalSection
	GlobalSection(SolutionProperties) = preSolution
		HideSolutionNode = FALSE
	EndGlobalSection
	GlobalSection(ExtensibilityGlobals) = postSolution
		SolutionGuid = {CAB5A98B-F2AE-4971-9A2E-C04B2C3AEC31}
	EndGlobalSection
EndGlobal
